[[package]]
category = "main"
description = "Fast, Extensible Progress Meter"
name = "tqdm"
optional = false
python-versions = ">=2.6, !=3.0.*, !=3.1.*"
version = "4.47.0"

[package.extras]
dev = ["py-make (>=0.1.0)", "twine", "argopt", "pydoc-markdown"]

[metadata]
content-hash = "e73a33bb7d57b104955578d496404208af44b55ecbb97c584ac4cf4f9d53b528"
python-versions = "^3.8"

[metadata.files]
tqdm = [
    {file = "tqdm-4.47.0-py2.py3-none-any.whl", hash = "sha256:7810e627bcf9d983a99d9ff8a0c09674400fd2927eddabeadf153c14a2ec8656"},
    {file = "tqdm-4.47.0.tar.gz", hash = "sha256:63ef7a6d3eb39f80d6b36e4867566b3d8e5f1fe3d6cb50c5e9ede2b3198ba7b7"},
]
